
Microsoft Visual Studio Solution File, Format Version 12.00
Project("{FAE04EC0-301F-11D3-BF4B-00C04F79EFBC}") = "PwnieProxy", "PwnieProxy.csproj", "{701875F0-E1F7-4742-86A5-C7F961431737}"
EndProject
Global
	GlobalSection(SolutionConfigurationPlatforms) = preSolution
		Debug|Any CPU = Debug|Any CPU
		Release|Any CPU = Release|Any CPU
	EndGlobalSection
	GlobalSection(ProjectConfigurationPlatforms) = postSolution
		{701875F0-E1F7-4742-86A5-C7F961431737}.Debug|Any CPU.ActiveCfg = Debug|Any CPU
		{701875F0-E1F7-4742-86A5-C7F961431737}.Debug|Any CPU.Build.0 = Debug|Any CPU
		{701875F0-E1F7-4742-86A5-C7F961431737}.Release|Any CPU.ActiveCfg = Release|Any CPU
		{701875F0-E1F7-4742-86A5-C7F961431737}.Release|Any CPU.Build.0 = Release|Any CPU
	EndGlobalSection
EndGlobal
